
Microsoft Visual Studio Solution File, Format Version 12.00
# Visual Studio Version 17
VisualStudioVersion = 17.1.32319.34
MinimumVisualStudioVersion = 10.0.40219.1
Project("{FAE04EC0-301F-11D3-BF4B-00C04F79EFBC}") = "OLT.Core.Services", "src\OLT.Core.Services\OLT.Core.Services.csproj", "{CB87AC8A-E72D-4A0D-B2C7-6BE2DDCC1A5E}"
EndProject
Project("{FAE04EC0-301F-11D3-BF4B-00C04F79EFBC}") = "OLT.Core.Data", "src\OLT.Core.Data\OLT.Core.Data.csproj", "{182DBB39-9454-42E7-B82A-9C6AE00049AB}"
EndProject
Project("{9A19103F-16F7-4668-BE54-9A1E7A4F7556}") = "OLT.Shared", "src\OLT.Shared\OLT.Shared.csproj", "{1B3B52DB-045A-4F89-9601-86A8C9ADF33A}"
EndProject
Project("{9A19103F-16F7-4668-BE54-9A1E7A4F7556}") = "OLT.Shared.Data", "src\OLT.Shared.Data\OLT.Shared.Data.csproj", "{062D1F35-8B0F-4440-8DE1-046451BF5472}"
EndProject
Global
	GlobalSection(SolutionConfigurationPlatforms) = preSolution
		Debug|Any CPU = Debug|Any CPU
		Release|Any CPU = Release|Any CPU
	EndGlobalSection
	GlobalSection(ProjectConfigurationPlatforms) = postSolution
		{CB87AC8A-E72D-4A0D-B2C7-6BE2DDCC1A5E}.Debug|Any CPU.ActiveCfg = Debug|Any CPU
		{CB87AC8A-E72D-4A0D-B2C7-6BE2DDCC1A5E}.Debug|Any CPU.Build.0 = Debug|Any CPU
		{CB87AC8A-E72D-4A0D-B2C7-6BE2DDCC1A5E}.Release|Any CPU.ActiveCfg = Release|Any CPU
		{CB87AC8A-E72D-4A0D-B2C7-6BE2DDCC1A5E}.Release|Any CPU.Build.0 = Release|Any CPU
		{182DBB39-9454-42E7-B82A-9C6AE00049AB}.Debug|Any CPU.ActiveCfg = Debug|Any CPU
		{182DBB39-9454-42E7-B82A-9C6AE00049AB}.Debug|Any CPU.Build.0 = Debug|Any CPU
		{182DBB39-9454-42E7-B82A-9C6AE00049AB}.Release|Any CPU.ActiveCfg = Release|Any CPU
		{182DBB39-9454-42E7-B82A-9C6AE00049AB}.Release|Any CPU.Build.0 = Release|Any CPU
		{1B3B52DB-045A-4F89-9601-86A8C9ADF33A}.Debug|Any CPU.ActiveCfg = Debug|Any CPU
		{1B3B52DB-045A-4F89-9601-86A8C9ADF33A}.Debug|Any CPU.Build.0 = Debug|Any CPU
		{1B3B52DB-045A-4F89-9601-86A8C9ADF33A}.Release|Any CPU.ActiveCfg = Release|Any CPU
		{1B3B52DB-045A-4F89-9601-86A8C9ADF33A}.Release|Any CPU.Build.0 = Release|Any CPU
		{062D1F35-8B0F-4440-8DE1-046451BF5472}.Debug|Any CPU.ActiveCfg = Debug|Any CPU
		{062D1F35-8B0F-4440-8DE1-046451BF5472}.Debug|Any CPU.Build.0 = Debug|Any CPU
		{062D1F35-8B0F-4440-8DE1-046451BF5472}.Release|Any CPU.ActiveCfg = Release|Any CPU
		{062D1F35-8B0F-4440-8DE1-046451BF5472}.Release|Any CPU.Build.0 = Release|Any CPU
	EndGlobalSection
	GlobalSection(SolutionProperties) = preSolution
		HideSolutionNode = FALSE
	EndGlobalSection
	GlobalSection(ExtensibilityGlobals) = postSolution
		SolutionGuid = {E49A70CE-269F-4715-ABEF-584B974CDBA7}
	EndGlobalSection
EndGlobal
